{
  "version": 4,
  "terraform_version": "0.12.18",
  "serial": 11,
  "lineage": "1b658721-aa91-b92d-8d1e-a763bf57cde4",
  "outputs": {},
  "resources": [
    {
      "mode": "managed",
      "type": "aws_instance",
      "name": "my_instance_1",
      "provider": "provider.aws",
      "instances": [
        {
          "schema_version": 1,
          "attributes": {
            "ami": "ami-03caa3f860895f82e",
            "arn": "arn:aws:ec2:us-west-1:809367851270:instance/i-08c26f1530eba0fb2",
            "associate_public_ip_address": true,
            "availability_zone": "us-west-1b",
            "cpu_core_count": 1,
            "cpu_threads_per_core": 1,
            "credit_specification": [
              {
                "cpu_credits": "standard"
              }
            ],
            "disable_api_termination": false,
            "ebs_block_device": [],
            "ebs_optimized": false,
            "ephemeral_block_device": [],
            "get_password_data": false,
            "host_id": null,
            "iam_instance_profile": "",
            "id": "i-08c26f1530eba0fb2",
            "instance_initiated_shutdown_behavior": null,
            "instance_state": "running",
            "instance_type": "t2.micro",
            "ipv6_address_count": 0,
            "ipv6_addresses": [],
            "key_name": "adikey",
            "monitoring": false,
            "network_interface": [],
            "network_interface_id": null,
            "password_data": "",
            "placement_group": "",
            "primary_network_interface_id": "eni-0a4614d78cc936ff6",
            "private_dns": "ip-172-31-2-21.us-west-1.compute.internal",
            "private_ip": "172.31.2.21",
            "public_dns": "ec2-54-67-71-165.us-west-1.compute.amazonaws.com",
            "public_ip": "54.67.71.165",
            "root_block_device": [
              {
                "delete_on_termination": true,
                "encrypted": false,
                "iops": 100,
                "kms_key_id": "",
                "volume_id": "vol-0366fc3b90e7f2b7f",
                "volume_size": 8,
                "volume_type": "gp2"
              }
            ],
            "security_groups": [
              "default"
            ],
            "source_dest_check": true,
            "subnet_id": "subnet-e041a3ba",
            "tags": null,
            "tenancy": "default",
            "timeouts": null,
            "user_data": null,
            "user_data_base64": null,
            "volume_tags": {},
            "vpc_security_group_ids": [
              "sg-8d6ae5fc"
            ]
          },
          "private": "eyJlMmJmYjczMC1lY2FhLTExZTYtOGY4OC0zNDM2M2JjN2M0YzAiOnsiY3JlYXRlIjo2MDAwMDAwMDAwMDAsImRlbGV0ZSI6MTIwMDAwMDAwMDAwMCwidXBkYXRlIjo2MDAwMDAwMDAwMDB9LCJzY2hlbWFfdmVyc2lvbiI6IjEifQ==",
          "dependencies": [
            "aws_key_pair.mykeypair"
          ]
        }
      ]
    },
    {
      "mode": "managed",
      "type": "aws_key_pair",
      "name": "mykeypair",
      "provider": "provider.aws",
      "instances": [
        {
          "schema_version": 1,
          "attributes": {
            "fingerprint": "3e:16:6e:06:50:bf:22:60:95:b7:8c:1d:a1:f0:4f:f7",
            "id": "adikey",
            "key_name": "adikey",
            "key_name_prefix": null,
            "key_pair_id": "key-07324ca40113341a0",
            "public_key": "ssh-rsa AAAAB3NzaC1yc2EAAAADAQABAAABAQDHLBDx5JsvJaaMWtRiWAFxtBcHwQ6naGZIiQAXGLF/O2qq3PXZVO98L59t3+EEofBlxTAF63dMnO3lZrA9aIApk/Mj9GbZplgm20UMpg1o6FCBCezqaCxCNLL5GPS9sSgmSiuEsQkbqYrhbO3Uk/JggmB1DGA7anqIm0Kv59wu7SniVpRZH0VxwobZixfLuxlGpUIe1pYmwSjTUsyhsOgKcDpyzc46OTgCgmYbvlmLFEE4H/hW9GLOL3AA0IADH2l00xBDC8h8gaHI3IezmdpqUIPkSRbbf+pp0r5XrF5RiHaNANUAoQtMwN/C+z9Hhvh5f3itViZ45fkwqN83hfxx root@e644be7e6ee6",
            "tags": null
          },
          "private": "eyJzY2hlbWFfdmVyc2lvbiI6IjEifQ=="
        }
      ]
    }
  ]
}
